{
  "name": "axios-compromise-test",
  "version": "1.0.0",
  "lockfileVersion": 2,
  "requires": true,
  "packages": {
    "": {
      "name": "axios-compromise-test",
      "version": "1.0.0",
      "dependencies": {
        "axios": "1.14.1"
      }
    },
    "node_modules/axios": {
      "version": "1.14.1",
      "resolved": "https://registry.npmjs.org/axios/-/axios-1.14.1.tgz",
      "integrity": "sha512-malicious-axios-placeholder",
      "dependencies": {
        "plain-crypto-js": "4.2.1"
      }
    },
    "node_modules/plain-crypto-js": {
      "version": "4.2.1",
      "resolved": "https://registry.npmjs.org/plain-crypto-js/-/plain-crypto-js-4.2.1.tgz",
      "integrity": "sha512-malicious-plain-crypto-placeholder"
    }
  },
  "dependencies": {
    "axios": {
      "version": "1.14.1",
      "requires": {
        "plain-crypto-js": "4.2.1"
      }
    },
    "plain-crypto-js": {
      "version": "4.2.1"
    }
  }
}
